
Microsoft Visual Studio Solution File, Format Version 12.00
# Visual Studio Version 16
VisualStudioVersion = 16.0.30404.54
MinimumVisualStudioVersion = 10.0.40219.1
Project("{888888A0-9F3D-457C-B088-3A5042F75D52}") = "小姐姐", "小姐姐\小姐姐.pyproj", "{D61734FC-6465-4205-8CF2-09ED1D2D3ECB}"
EndProject
Global
	GlobalSection(SolutionConfigurationPlatforms) = preSolution
		Debug|Any CPU = Debug|Any CPU
		Release|Any CPU = Release|Any CPU
	EndGlobalSection
	GlobalSection(ProjectConfigurationPlatforms) = postSolution
		{D61734FC-6465-4205-8CF2-09ED1D2D3ECB}.Debug|Any CPU.ActiveCfg = Debug|Any CPU
		{D61734FC-6465-4205-8CF2-09ED1D2D3ECB}.Release|Any CPU.ActiveCfg = Release|Any CPU
	EndGlobalSection
	GlobalSection(SolutionProperties) = preSolution
		HideSolutionNode = FALSE
	EndGlobalSection
	GlobalSection(ExtensibilityGlobals) = postSolution
		SolutionGuid = {D4B452C4-337C-4321-97B3-A34E158C10D6}
	EndGlobalSection
EndGlobal
